
Microsoft Visual Studio Solution File, Format Version 12.00
# Visual Studio 15
VisualStudioVersion = 15.0.27130.2036
MinimumVisualStudioVersion = 10.0.40219.1
Project("{FAE04EC0-301F-11D3-BF4B-00C04F79EFBC}") = "SendEmailToReaders", "SendEmailToReaders\SendEmailToReaders.csproj", "{A16ABC92-B9AF-4748-B5DA-A8D8D3C120F5}"
EndProject
Global
	GlobalSection(SolutionConfigurationPlatforms) = preSolution
		Debug|Any CPU = Debug|Any CPU
		Release|Any CPU = Release|Any CPU
	EndGlobalSection
	GlobalSection(ProjectConfigurationPlatforms) = postSolution
		{A16ABC92-B9AF-4748-B5DA-A8D8D3C120F5}.Debug|Any CPU.ActiveCfg = Debug|Any CPU
		{A16ABC92-B9AF-4748-B5DA-A8D8D3C120F5}.Debug|Any CPU.Build.0 = Debug|Any CPU
		{A16ABC92-B9AF-4748-B5DA-A8D8D3C120F5}.Release|Any CPU.ActiveCfg = Release|Any CPU
		{A16ABC92-B9AF-4748-B5DA-A8D8D3C120F5}.Release|Any CPU.Build.0 = Release|Any CPU
	EndGlobalSection
	GlobalSection(SolutionProperties) = preSolution
		HideSolutionNode = FALSE
	EndGlobalSection
	GlobalSection(ExtensibilityGlobals) = postSolution
		SolutionGuid = {0AA4ACF5-5496-479D-95ED-6422B6210742}
	EndGlobalSection
EndGlobal
